// !$*UTF8*$!
{
	archiveVersion = 1;
	classes = {
	};
	objectVersion = 77;
	objects = {

/* Begin PBXContainerItemProxy section */
		953A1E7F2CA3BDB000EEE3BA /* PBXContainerItemProxy */ = {
			isa = PBXContainerItemProxy;
			containerPortal = 953A1E602CA3BDAD00EEE3BA /* Project object */;
			proxyType = 1;
			remoteGlobalIDString = 953A1E672CA3BDAD00EEE3BA;
			remoteInfo = YeukLaiRickieAu_MAPD714_301458593_ControlFun;
		};
		953A1E892CA3BDB000EEE3BA /* PBXContainerItemProxy */ = {
			isa = PBXContainerItemProxy;
			containerPortal = 953A1E602CA3BDAD00EEE3BA /* Project object */;
			proxyType = 1;
			remoteGlobalIDString = 953A1E672CA3BDAD00EEE3BA;
			remoteInfo = YeukLaiRickieAu_MAPD714_301458593_ControlFun;
		};
/* End PBXContainerItemProxy section */

/* Begin PBXFileReference section */
		953A1E682CA3BDAD00EEE3BA /* YeukLaiRickieAu_MAPD714_301458593_ControlFun.app */ = {isa = PBXFileReference; explicitFileType = wrapper.application; includeInIndex = 0; path = YeukLaiRickieAu_MAPD714_301458593_ControlFun.app; sourceTree = BUILT_PRODUCTS_DIR; };
		953A1E7E2CA3BDB000EEE3BA /* YeukLaiRickieAu_MAPD714_301458593_ControlFunTests.xctest */ = {isa = PBXFileReference; explicitFileType = wrapper.cfbundle; includeInIndex = 0; path = YeukLaiRickieAu_MAPD714_301458593_ControlFunTests.xctest; sourceTree = BUILT_PRODUCTS_DIR; };
		953A1E882CA3BDB000EEE3BA /* YeukLaiRickieAu_MAPD714_301458593_ControlFunUITests.xctest */ = {isa = PBXFileReference; explicitFileType = wrapper.cfbundle; includeInIndex = 0; path = YeukLaiRickieAu_MAPD714_301458593_ControlFunUITests.xctest; sourceTree = BUILT_PRODUCTS_DIR; };
/* End PBXFileReference section */

/* Begin PBXFileSystemSynchronizedBuildFileExceptionSet section */
		953A1E902CA3BDB000EEE3BA /* Exceptions for "YeukLaiRickieAu_MAPD714_301458593_ControlFun" folder in "YeukLaiRickieAu_MAPD714_301458593_ControlFun" target */ = {
			isa = PBXFileSystemSynchronizedBuildFileExceptionSet;
			membershipExceptions = (
				Info.plist,
			);
			target = 953A1E672CA3BDAD00EEE3BA /* YeukLaiRickieAu_MAPD714_301458593_ControlFun */;
		};
/* End PBXFileSystemSynchronizedBuildFileExceptionSet section */

/* Begin PBXFileSystemSynchronizedRootGroup section */
		953A1E6A2CA3BDAD00EEE3BA /* YeukLaiRickieAu_MAPD714_301458593_ControlFun */ = {
			isa = PBXFileSystemSynchronizedRootGroup;
			exceptions = (
				953A1E902CA3BDB000EEE3BA /* Exceptions for "YeukLaiRickieAu_MAPD714_301458593_ControlFun" folder in "YeukLaiRickieAu_MAPD714_301458593_ControlFun" target */,
			);
			path = YeukLaiRickieAu_MAPD714_301458593_ControlFun;
			sourceTree = "<group>";
		};
		953A1E812CA3BDB000EEE3BA /* YeukLaiRickieAu_MAPD714_301458593_ControlFunTests */ = {
			isa = PBXFileSystemSynchronizedRootGroup;
			path = YeukLaiRickieAu_MAPD714_301458593_ControlFunTests;
			sourceTree = "<group>";
		};
		953A1E8B2CA3BDB000EEE3BA /* YeukLaiRickieAu_MAPD714_301458593_ControlFunUITests */ = {
			isa = PBXFileSystemSynchronizedRootGroup;
			path = YeukLaiRickieAu_MAPD714_301458593_ControlFunUITests;
			sourceTree = "<group>";
		};
/* End PBXFileSystemSynchronizedRootGroup section */

/* Begin PBXFrameworksBuildPhase section */
		953A1E652CA3BDAD00EEE3BA /* Frameworks */ = {
			isa = PBXFrameworksBuildPhase;
			buildActionMask = 2147483647;
			files = (
			);
			runOnlyForDeploymentPostprocessing = 0;
		};
		953A1E7B2CA3BDB000EEE3BA /* Frameworks */ = {
			isa = PBXFrameworksBuildPhase;
			buildActionMask = 2147483647;
			files = (
			);
			runOnlyForDeploymentPostprocessing = 0;
		};
		953A1E852CA3BDB000EEE3BA /* Frameworks */ = {
			isa = PBXFrameworksBuildPhase;
			buildActionMask = 2147483647;
			files = (
			);
			runOnlyForDeploymentPostprocessing = 0;
		};
/* End PBXFrameworksBuildPhase section */

/* Begin PBXGroup section */
		953A1E5F2CA3BDAD00EEE3BA = {
			isa = PBXGroup;
			children = (
				953A1E6A2CA3BDAD00EEE3BA /* YeukLaiRickieAu_MAPD714_301458593_ControlFun */,
				953A1E812CA3BDB000EEE3BA /* YeukLaiRickieAu_MAPD714_301458593_ControlFunTests */,
				953A1E8B2CA3BDB000EEE3BA /* YeukLaiRickieAu_MAPD714_301458593_ControlFunUITests */,
				953A1E692CA3BDAD00EEE3BA /* Products */,
			);
			sourceTree = "<group>";
		};
		953A1E692CA3BDAD00EEE3BA /* Products */ = {
			isa = PBXGroup;
			children = (
				953A1E682CA3BDAD00EEE3BA /* YeukLaiRickieAu_MAPD714_301458593_ControlFun.app */,
				953A1E7E2CA3BDB000EEE3BA /* YeukLaiRickieAu_MAPD714_301458593_ControlFunTests.xctest */,
				953A1E882CA3BDB000EEE3BA /* YeukLaiRickieAu_MAPD714_301458593_ControlFunUITests.xctest */,
			);
			name = Products;
			sourceTree = "<group>";
		};
/* End PBXGroup section */

/* Begin PBXNativeTarget section */
		953A1E672CA3BDAD00EEE3BA /* YeukLaiRickieAu_MAPD714_301458593_ControlFun */ = {
			isa = PBXNativeTarget;
			buildConfigurationList = 953A1E912CA3BDB000EEE3BA /* Build configuration list for PBXNativeTarget "YeukLaiRickieAu_MAPD714_301458593_ControlFun" */;
			buildPhases = (
				953A1E642CA3BDAD00EEE3BA /* Sources */,
				953A1E652CA3BDAD00EEE3BA /* Frameworks */,
				953A1E662CA3BDAD00EEE3BA /* Resources */,
			);
			buildRules = (
			);
			dependencies = (
			);
			fileSystemSynchronizedGroups = (
				953A1E6A2CA3BDAD00EEE3BA /* YeukLaiRickieAu_MAPD714_301458593_ControlFun */,
			);
			name = YeukLaiRickieAu_MAPD714_301458593_ControlFun;
			packageProductDependencies = (
			);
			productName = YeukLaiRickieAu_MAPD714_301458593_ControlFun;
			productReference = 953A1E682CA3BDAD00EEE3BA /* YeukLaiRickieAu_MAPD714_301458593_ControlFun.app */;
			productType = "com.apple.product-type.application";
		};
		953A1E7D2CA3BDB000EEE3BA /* YeukLaiRickieAu_MAPD714_301458593_ControlFunTests */ = {
			isa = PBXNativeTarget;
			buildConfigurationList = 953A1E962CA3BDB000EEE3BA /* Build configuration list for PBXNativeTarget "YeukLaiRickieAu_MAPD714_301458593_ControlFunTests" */;
			buildPhases = (
				953A1E7A2CA3BDB000EEE3BA /* Sources */,
				953A1E7B2CA3BDB000EEE3BA /* Frameworks */,
				953A1E7C2CA3BDB000EEE3BA /* Resources */,
			);
			buildRules = (
			);
			dependencies = (
				953A1E802CA3BDB000EEE3BA /* PBXTargetDependency */,
			);
			fileSystemSynchronizedGroups = (
				953A1E812CA3BDB000EEE3BA /* YeukLaiRickieAu_MAPD714_301458593_ControlFunTests */,
			);
			name = YeukLaiRickieAu_MAPD714_301458593_ControlFunTests;
			packageProductDependencies = (
			);
			productName = YeukLaiRickieAu_MAPD714_301458593_ControlFunTests;
			productReference = 953A1E7E2CA3BDB000EEE3BA /* YeukLaiRickieAu_MAPD714_301458593_ControlFunTests.xctest */;
			productType = "com.apple.product-type.bundle.unit-test";
		};
		953A1E872CA3BDB000EEE3BA /* YeukLaiRickieAu_MAPD714_301458593_ControlFunUITests */ = {
			isa = PBXNativeTarget;
			buildConfigurationList = 953A1E992CA3BDB000EEE3BA /* Build configuration list for PBXNativeTarget "YeukLaiRickieAu_MAPD714_301458593_ControlFunUITests" */;
			buildPhases = (
				953A1E842CA3BDB000EEE3BA /* Sources */,
				953A1E852CA3BDB000EEE3BA /* Frameworks */,
				953A1E862CA3BDB000EEE3BA /* Resources */,
			);
			buildRules = (
			);
			dependencies = (
				953A1E8A2CA3BDB000EEE3BA /* PBXTargetDependency */,
			);
			fileSystemSynchronizedGroups = (
				953A1E8B2CA3BDB000EEE3BA /* YeukLaiRickieAu_MAPD714_301458593_ControlFunUITests */,
			);
			name = YeukLaiRickieAu_MAPD714_301458593_ControlFunUITests;
			packageProductDependencies = (
			);
			productName = YeukLaiRickieAu_MAPD714_301458593_ControlFunUITests;
			productReference = 953A1E882CA3BDB000EEE3BA /* YeukLaiRickieAu_MAPD714_301458593_ControlFunUITests.xctest */;
			productType = "com.apple.product-type.bundle.ui-testing";
		};
/* End PBXNativeTarget section */

/* Begin PBXProject section */
		953A1E602CA3BDAD00EEE3BA /* Project object */ = {
			isa = PBXProject;
			attributes = {
				BuildIndependentTargetsInParallel = 1;
				LastSwiftUpdateCheck = 1600;
				LastUpgradeCheck = 1600;
				TargetAttributes = {
					953A1E672CA3BDAD00EEE3BA = {
						CreatedOnToolsVersion = 16.0;
					};
					953A1E7D2CA3BDB000EEE3BA = {
						CreatedOnToolsVersion = 16.0;
						TestTargetID = 953A1E672CA3BDAD00EEE3BA;
					};
					953A1E872CA3BDB000EEE3BA = {
						CreatedOnToolsVersion = 16.0;
						TestTargetID = 953A1E672CA3BDAD00EEE3BA;
					};
				};
			};
			buildConfigurationList = 953A1E632CA3BDAD00EEE3BA /* Build configuration list for PBXProject "YeukLaiRickieAu_MAPD714_301458593_ControlFun" */;
			developmentRegion = en;
			hasScannedForEncodings = 0;
			knownRegions = (
				en,
				Base,
			);
			mainGroup = 953A1E5F2CA3BDAD00EEE3BA;
			minimizedProjectReferenceProxies = 1;
			preferredProjectObjectVersion = 77;
			productRefGroup = 953A1E692CA3BDAD00EEE3BA /* Products */;
			projectDirPath = "";
			projectRoot = "";
			targets = (
				953A1E672CA3BDAD00EEE3BA /* YeukLaiRickieAu_MAPD714_301458593_ControlFun */,
				953A1E7D2CA3BDB000EEE3BA /* YeukLaiRickieAu_MAPD714_301458593_ControlFunTests */,
				953A1E872CA3BDB000EEE3BA /* YeukLaiRickieAu_MAPD714_301458593_ControlFunUITests */,
			);
		};
/* End PBXProject section */

/* Begin PBXResourcesBuildPhase section */
		953A1E662CA3BDAD00EEE3BA /* Resources */ = {
			isa = PBXResourcesBuildPhase;
			buildActionMask = 2147483647;
			files = (
			);
			runOnlyForDeploymentPostprocessing = 0;
		};
		953A1E7C2CA3BDB000EEE3BA /* Resources */ = {
			isa = PBXResourcesBuildPhase;
			buildActionMask = 2147483647;
			files = (
			);
			runOnlyForDeploymentPostprocessing = 0;
		};
		953A1E862CA3BDB000EEE3BA /* Resources */ = {
			isa = PBXResourcesBuildPhase;
			buildActionMask = 2147483647;
			files = (
			);
			runOnlyForDeploymentPostprocessing = 0;
		};
/* End PBXResourcesBuildPhase section */

/* Begin PBXSourcesBuildPhase section */
		953A1E642CA3BDAD00EEE3BA /* Sources */ = {
			isa = PBXSourcesBuildPhase;
			buildActionMask = 2147483647;
			files = (
			);
			runOnlyForDeploymentPostprocessing = 0;
		};
		953A1E7A2CA3BDB000EEE3BA /* Sources */ = {
			isa = PBXSourcesBuildPhase;
			buildActionMask = 2147483647;
			files = (
			);
			runOnlyForDeploymentPostprocessing = 0;
		};
		953A1E842CA3BDB000EEE3BA /* Sources */ = {
			isa = PBXSourcesBuildPhase;
			buildActionMask = 2147483647;
			files = (
			);
			runOnlyForDeploymentPostprocessing = 0;
		};
/* End PBXSourcesBuildPhase section */

/* Begin PBXTargetDependency section */
		953A1E802CA3BDB000EEE3BA /* PBXTargetDependency */ = {
			isa = PBXTargetDependency;
			target = 953A1E672CA3BDAD00EEE3BA /* YeukLaiRickieAu_MAPD714_301458593_ControlFun */;
			targetProxy = 953A1E7F2CA3BDB000EEE3BA /* PBXContainerItemProxy */;
		};
		953A1E8A2CA3BDB000EEE3BA /* PBXTargetDependency */ = {
			isa = PBXTargetDependency;
			target = 953A1E672CA3BDAD00EEE3BA /* YeukLaiRickieAu_MAPD714_301458593_ControlFun */;
			targetProxy = 953A1E892CA3BDB000EEE3BA /* PBXContainerItemProxy */;
		};
/* End PBXTargetDependency section */

/* Begin XCBuildConfiguration section */
		953A1E922CA3BDB000EEE3BA /* Debug */ = {
			isa = XCBuildConfiguration;
			buildSettings = {
				ASSETCATALOG_COMPILER_APPICON_NAME = AppIcon;
				ASSETCATALOG_COMPILER_GLOBAL_ACCENT_COLOR_NAME = AccentColor;
				CODE_SIGN_STYLE = Automatic;
				CURRENT_PROJECT_VERSION = 1;
				GENERATE_INFOPLIST_FILE = YES;
				INFOPLIST_FILE = YeukLaiRickieAu_MAPD714_301458593_ControlFun/Info.plist;
				INFOPLIST_KEY_UIApplicationSupportsIndirectInputEvents = YES;
				INFOPLIST_KEY_UILaunchStoryboardName = LaunchScreen;
				INFOPLIST_KEY_UIMainStoryboardFile = Main;
				INFOPLIST_KEY_UISupportedInterfaceOrientations_iPad = "UIInterfaceOrientationPortrait UIInterfaceOrientationPortraitUpsideDown UIInterfaceOrientationLandscapeLeft UIInterfaceOrientationLandscapeRight";
				INFOPLIST_KEY_UISupportedInterfaceOrientations_iPhone = "UIInterfaceOrientationPortrait UIInterfaceOrientationLandscapeLeft UIInterfaceOrientationLandscapeRight";
				LD_RUNPATH_SEARCH_PATHS = (
					"$(inherited)",
					"@executable_path/Frameworks",
				);
				MARKETING_VERSION = 1.0;
				PRODUCT_BUNDLE_IDENTIFIER = "rickie.YeukLaiRickieAu-MAPD714-301458593-ControlFun";
				PRODUCT_NAME = "$(TARGET_NAME)";
				SWIFT_EMIT_LOC_STRINGS = YES;
				SWIFT_VERSION = 5.0;
				TARGETED_DEVICE_FAMILY = "1,2";
			};
			name = Debug;
		};
		953A1E932CA3BDB000EEE3BA /* Release */ = {
			isa = XCBuildConfiguration;
			buildSettings = {
				ASSETCATALOG_COMPILER_APPICON_NAME = AppIcon;
				ASSETCATALOG_COMPILER_GLOBAL_ACCENT_COLOR_NAME = AccentColor;
				CODE_SIGN_STYLE = Automatic;
				CURRENT_PROJECT_VERSION = 1;
				GENERATE_INFOPLIST_FILE = YES;
				INFOPLIST_FILE = YeukLaiRickieAu_MAPD714_301458593_ControlFun/Info.plist;
				INFOPLIST_KEY_UIApplicationSupportsIndirectInputEvents = YES;
				INFOPLIST_KEY_UILaunchStoryboardName = LaunchScreen;
				INFOPLIST_KEY_UIMainStoryboardFile = Main;
				INFOPLIST_KEY_UISupportedInterfaceOrientations_iPad = "UIInterfaceOrientationPortrait UIInterfaceOrientationPortraitUpsideDown UIInterfaceOrientationLandscapeLeft UIInterfaceOrientationLandscapeRight";
				INFOPLIST_KEY_UISupportedInterfaceOrientations_iPhone = "UIInterfaceOrientationPortrait UIInterfaceOrientationLandscapeLeft UIInterfaceOrientationLandscapeRight";
				LD_RUNPATH_SEARCH_PATHS = (
					"$(inherited)",
					"@executable_path/Frameworks",
				);
				MARKETING_VERSION = 1.0;
				PRODUCT_BUNDLE_IDENTIFIER = "rickie.YeukLaiRickieAu-MAPD714-301458593-ControlFun";
				PRODUCT_NAME = "$(TARGET_NAME)";
				SWIFT_EMIT_LOC_STRINGS = YES;
				SWIFT_VERSION = 5.0;
				TARGETED_DEVICE_FAMILY = "1,2";
			};
			name = Release;
		};
		953A1E942CA3BDB000EEE3BA /* Debug */ = {
			isa = XCBuildConfiguration;
			buildSettings = {
				ALWAYS_SEARCH_USER_PATHS = NO;
				ASSETCATALOG_COMPILER_GENERATE_SWIFT_ASSET_SYMBOL_EXTENSIONS = YES;
				CLANG_ANALYZER_NONNULL = YES;
				CLANG_ANALYZER_NUMBER_OBJECT_CONVERSION = YES_AGGRESSIVE;
				CLANG_CXX_LANGUAGE_STANDARD = "gnu++20";
				CLANG_ENABLE_MODULES = YES;
				CLANG_ENABLE_OBJC_ARC = YES;
				CLANG_ENABLE_OBJC_WEAK = YES;
				CLANG_WARN_BLOCK_CAPTURE_AUTORELEASING = YES;
				CLANG_WARN_BOOL_CONVERSION = YES;
				CLANG_WARN_COMMA = YES;
				CLANG_WARN_CONSTANT_CONVERSION = YES;
				CLANG_WARN_DEPRECATED_OBJC_IMPLEMENTATIONS = YES;
				CLANG_WARN_DIRECT_OBJC_ISA_USAGE = YES_ERROR;
				CLANG_WARN_DOCUMENTATION_COMMENTS = YES;
				CLANG_WARN_EMPTY_BODY = YES;
				CLANG_WARN_ENUM_CONVERSION = YES;
				CLANG_WARN_INFINITE_RECURSION = YES;
				CLANG_WARN_INT_CONVERSION = YES;
				CLANG_WARN_NON_LITERAL_NULL_CONVERSION = YES;
				CLANG_WARN_OBJC_IMPLICIT_RETAIN_SELF = YES;
				CLANG_WARN_OBJC_LITERAL_CONVERSION = YES;
				CLANG_WARN_OBJC_ROOT_CLASS = YES_ERROR;
				CLANG_WARN_QUOTED_INCLUDE_IN_FRAMEWORK_HEADER = YES;
				CLANG_WARN_RANGE_LOOP_ANALYSIS = YES;
				CLANG_WARN_STRICT_PROTOTYPES = YES;
				CLANG_WARN_SUSPICIOUS_MOVE = YES;
				CLANG_WARN_UNGUARDED_AVAILABILITY = YES_AGGRESSIVE;
				CLANG_WARN_UNREACHABLE_CODE = YES;
				CLANG_WARN__DUPLICATE_METHOD_MATCH = YES;
				COPY_PHASE_STRIP = NO;
				DEBUG_INFORMATION_FORMAT = dwarf;
				ENABLE_STRICT_OBJC_MSGSEND = YES;
				ENABLE_TESTABILITY = YES;
				ENABLE_USER_SCRIPT_SANDBOXING = YES;
				GCC_C_LANGUAGE_STANDARD = gnu17;
				GCC_DYNAMIC_NO_PIC = NO;
				GCC_NO_COMMON_BLOCKS = YES;
				GCC_OPTIMIZATION_LEVEL = 0;
				GCC_PREPROCESSOR_DEFINITIONS = (
					"DEBUG=1",
					"$(inherited)",
				);
				GCC_WARN_64_TO_32_BIT_CONVERSION = YES;
				GCC_WARN_ABOUT_RETURN_TYPE = YES_ERROR;
				GCC_WARN_UNDECLARED_SELECTOR = YES;
				GCC_WARN_UNINITIALIZED_AUTOS = YES_AGGRESSIVE;
				GCC_WARN_UNUSED_FUNCTION = YES;
				GCC_WARN_UNUSED_VARIABLE = YES;
				IPHONEOS_DEPLOYMENT_TARGET = 18.0;
				LOCALIZATION_PREFERS_STRING_CATALOGS = YES;
				MTL_ENABLE_DEBUG_INFO = INCLUDE_SOURCE;
				MTL_FAST_MATH = YES;
				ONLY_ACTIVE_ARCH = YES;
				SDKROOT = iphoneos;
				SWIFT_ACTIVE_COMPILATION_CONDITIONS = "DEBUG $(inherited)";
				SWIFT_OPTIMIZATION_LEVEL = "-Onone";
			};
			name = Debug;
		};
		953A1E952CA3BDB000EEE3BA /* Release */ = {
			isa = XCBuildConfiguration;
			buildSettings = {
				ALWAYS_SEARCH_USER_PATHS = NO;
				ASSETCATALOG_COMPILER_GENERATE_SWIFT_ASSET_SYMBOL_EXTENSIONS = YES;
				CLANG_ANALYZER_NONNULL = YES;
				CLANG_ANALYZER_NUMBER_OBJECT_CONVERSION = YES_AGGRESSIVE;
				CLANG_CXX_LANGUAGE_STANDARD = "gnu++20";
				CLANG_ENABLE_MODULES = YES;
				CLANG_ENABLE_OBJC_ARC = YES;
				CLANG_ENABLE_OBJC_WEAK = YES;
				CLANG_WARN_BLOCK_CAPTURE_AUTORELEASING = YES;
				CLANG_WARN_BOOL_CONVERSION = YES;
				CLANG_WARN_COMMA = YES;
				CLANG_WARN_CONSTANT_CONVERSION = YES;
				CLANG_WARN_DEPRECATED_OBJC_IMPLEMENTATIONS = YES;
				CLANG_WARN_DIRECT_OBJC_ISA_USAGE = YES_ERROR;
				CLANG_WARN_DOCUMENTATION_COMMENTS = YES;
				CLANG_WARN_EMPTY_BODY = YES;
				CLANG_WARN_ENUM_CONVERSION = YES;
				CLANG_WARN_INFINITE_RECURSION = YES;
				CLANG_WARN_INT_CONVERSION = YES;
				CLANG_WARN_NON_LITERAL_NULL_CONVERSION = YES;
				CLANG_WARN_OBJC_IMPLICIT_RETAIN_SELF = YES;
				CLANG_WARN_OBJC_LITERAL_CONVERSION = YES;
				CLANG_WARN_OBJC_ROOT_CLASS = YES_ERROR;
				CLANG_WARN_QUOTED_INCLUDE_IN_FRAMEWORK_HEADER = YES;
				CLANG_WARN_RANGE_LOOP_ANALYSIS = YES;
				CLANG_WARN_STRICT_PROTOTYPES = YES;
				CLANG_WARN_SUSPICIOUS_MOVE = YES;
				CLANG_WARN_UNGUARDED_AVAILABILITY = YES_AGGRESSIVE;
				CLANG_WARN_UNREACHABLE_CODE = YES;
				CLANG_WARN__DUPLICATE_METHOD_MATCH = YES;
				COPY_PHASE_STRIP = NO;
				DEBUG_INFORMATION_FORMAT = "dwarf-with-dsym";
				ENABLE_NS_ASSERTIONS = NO;
				ENABLE_STRICT_OBJC_MSGSEND = YES;
				ENABLE_USER_SCRIPT_SANDBOXING = YES;
				GCC_C_LANGUAGE_STANDARD = gnu17;
				GCC_NO_COMMON_BLOCKS = YES;
				GCC_WARN_64_TO_32_BIT_CONVERSION = YES;
				GCC_WARN_ABOUT_RETURN_TYPE = YES_ERROR;
				GCC_WARN_UNDECLARED_SELECTOR = YES;
				GCC_WARN_UNINITIALIZED_AUTOS = YES_AGGRESSIVE;
				GCC_WARN_UNUSED_FUNCTION = YES;
				GCC_WARN_UNUSED_VARIABLE = YES;
				IPHONEOS_DEPLOYMENT_TARGET = 18.0;
				LOCALIZATION_PREFERS_STRING_CATALOGS = YES;
				MTL_ENABLE_DEBUG_INFO = NO;
				MTL_FAST_MATH = YES;
				SDKROOT = iphoneos;
				SWIFT_COMPILATION_MODE = wholemodule;
				VALIDATE_PRODUCT = YES;
			};
			name = Release;
		};
		953A1E972CA3BDB000EEE3BA /* Debug */ = {
			isa = XCBuildConfiguration;
			buildSettings = {
				BUNDLE_LOADER = "$(TEST_HOST)";
				CODE_SIGN_STYLE = Automatic;
				CURRENT_PROJECT_VERSION = 1;
				GENERATE_INFOPLIST_FILE = YES;
				IPHONEOS_DEPLOYMENT_TARGET = 18.0;
				MARKETING_VERSION = 1.0;
				PRODUCT_BUNDLE_IDENTIFIER = "rickie.YeukLaiRickieAu-MAPD714-301458593-ControlFunTests";
				PRODUCT_NAME = "$(TARGET_NAME)";
				SWIFT_EMIT_LOC_STRINGS = NO;
				SWIFT_VERSION = 5.0;
				TARGETED_DEVICE_FAMILY = "1,2";
				TEST_HOST = "$(BUILT_PRODUCTS_DIR)/YeukLaiRickieAu_MAPD714_301458593_ControlFun.app/$(BUNDLE_EXECUTABLE_FOLDER_PATH)/YeukLaiRickieAu_MAPD714_301458593_ControlFun";
			};
			name = Debug;
		};
		953A1E982CA3BDB000EEE3BA /* Release */ = {
			isa = XCBuildConfiguration;
			buildSettings = {
				BUNDLE_LOADER = "$(TEST_HOST)";
				CODE_SIGN_STYLE = Automatic;
				CURRENT_PROJECT_VERSION = 1;
				GENERATE_INFOPLIST_FILE = YES;
				IPHONEOS_DEPLOYMENT_TARGET = 18.0;
				MARKETING_VERSION = 1.0;
				PRODUCT_BUNDLE_IDENTIFIER = "rickie.YeukLaiRickieAu-MAPD714-301458593-ControlFunTests";
				PRODUCT_NAME = "$(TARGET_NAME)";
				SWIFT_EMIT_LOC_STRINGS = NO;
				SWIFT_VERSION = 5.0;
				TARGETED_DEVICE_FAMILY = "1,2";
				TEST_HOST = "$(BUILT_PRODUCTS_DIR)/YeukLaiRickieAu_MAPD714_301458593_ControlFun.app/$(BUNDLE_EXECUTABLE_FOLDER_PATH)/YeukLaiRickieAu_MAPD714_301458593_ControlFun";
			};
			name = Release;
		};
		953A1E9A2CA3BDB000EEE3BA /* Debug */ = {
			isa = XCBuildConfiguration;
			buildSettings = {
				CODE_SIGN_STYLE = Automatic;
				CURRENT_PROJECT_VERSION = 1;
				GENERATE_INFOPLIST_FILE = YES;
				MARKETING_VERSION = 1.0;
				PRODUCT_BUNDLE_IDENTIFIER = "rickie.YeukLaiRickieAu-MAPD714-301458593-ControlFunUITests";
				PRODUCT_NAME = "$(TARGET_NAME)";
				SWIFT_EMIT_LOC_STRINGS = NO;
				SWIFT_VERSION = 5.0;
				TARGETED_DEVICE_FAMILY = "1,2";
				TEST_TARGET_NAME = YeukLaiRickieAu_MAPD714_301458593_ControlFun;
			};
			name = Debug;
		};
		953A1E9B2CA3BDB000EEE3BA /* Release */ = {
			isa = XCBuildConfiguration;
			buildSettings = {
				CODE_SIGN_STYLE = Automatic;
				CURRENT_PROJECT_VERSION = 1;
				GENERATE_INFOPLIST_FILE = YES;
				MARKETING_VERSION = 1.0;
				PRODUCT_BUNDLE_IDENTIFIER = "rickie.YeukLaiRickieAu-MAPD714-301458593-ControlFunUITests";
				PRODUCT_NAME = "$(TARGET_NAME)";
				SWIFT_EMIT_LOC_STRINGS = NO;
				SWIFT_VERSION = 5.0;
				TARGETED_DEVICE_FAMILY = "1,2";
				TEST_TARGET_NAME = YeukLaiRickieAu_MAPD714_301458593_ControlFun;
			};
			name = Release;
		};
/* End XCBuildConfiguration section */

/* Begin XCConfigurationList section */
		953A1E632CA3BDAD00EEE3BA /* Build configuration list for PBXProject "YeukLaiRickieAu_MAPD714_301458593_ControlFun" */ = {
			isa = XCConfigurationList;
			buildConfigurations = (
				953A1E942CA3BDB000EEE3BA /* Debug */,
				953A1E952CA3BDB000EEE3BA /* Release */,
			);
			defaultConfigurationIsVisible = 0;
			defaultConfigurationName = Release;
		};
		953A1E912CA3BDB000EEE3BA /* Build configuration list for PBXNativeTarget "YeukLaiRickieAu_MAPD714_301458593_ControlFun" */ = {
			isa = XCConfigurationList;
			buildConfigurations = (
				953A1E922CA3BDB000EEE3BA /* Debug */,
				953A1E932CA3BDB000EEE3BA /* Release */,
			);
			defaultConfigurationIsVisible = 0;
			defaultConfigurationName = Release;
		};
		953A1E962CA3BDB000EEE3BA /* Build configuration list for PBXNativeTarget "YeukLaiRickieAu_MAPD714_301458593_ControlFunTests" */ = {
			isa = XCConfigurationList;
			buildConfigurations = (
				953A1E972CA3BDB000EEE3BA /* Debug */,
				953A1E982CA3BDB000EEE3BA /* Release */,
			);
			defaultConfigurationIsVisible = 0;
			defaultConfigurationName = Release;
		};
		953A1E992CA3BDB000EEE3BA /* Build configuration list for PBXNativeTarget "YeukLaiRickieAu_MAPD714_301458593_ControlFunUITests" */ = {
			isa = XCConfigurationList;
			buildConfigurations = (
				953A1E9A2CA3BDB000EEE3BA /* Debug */,
				953A1E9B2CA3BDB000EEE3BA /* Release */,
			);
			defaultConfigurationIsVisible = 0;
			defaultConfigurationName = Release;
		};
/* End XCConfigurationList section */
	};
	rootObject = 953A1E602CA3BDAD00EEE3BA /* Project object */;
}
